
Microsoft Visual Studio Solution File, Format Version 12.00
# Visual Studio Version 16
VisualStudioVersion = 16.0.31729.503
MinimumVisualStudioVersion = 10.0.40219.1
Project("{8BC9CEB8-8B4A-11D0-8D11-00A0C91BC942}") = "Part 6", "Part 6.vcxproj", "{C5549292-C1FF-4E1C-8312-5C512B670A4D}"
EndProject
Global
	GlobalSection(SolutionConfigurationPlatforms) = preSolution
		Debug|x64 = Debug|x64
		Debug|x86 = Debug|x86
		Release|x64 = Release|x64
		Release|x86 = Release|x86
	EndGlobalSection
	GlobalSection(ProjectConfigurationPlatforms) = postSolution
		{C5549292-C1FF-4E1C-8312-5C512B670A4D}.Debug|x64.ActiveCfg = Debug|x64
		{C5549292-C1FF-4E1C-8312-5C512B670A4D}.Debug|x64.Build.0 = Debug|x64
		{C5549292-C1FF-4E1C-8312-5C512B670A4D}.Debug|x86.ActiveCfg = Debug|Win32
		{C5549292-C1FF-4E1C-8312-5C512B670A4D}.Debug|x86.Build.0 = Debug|Win32
		{C5549292-C1FF-4E1C-8312-5C512B670A4D}.Release|x64.ActiveCfg = Release|x64
		{C5549292-C1FF-4E1C-8312-5C512B670A4D}.Release|x64.Build.0 = Release|x64
		{C5549292-C1FF-4E1C-8312-5C512B670A4D}.Release|x86.ActiveCfg = Release|Win32
		{C5549292-C1FF-4E1C-8312-5C512B670A4D}.Release|x86.Build.0 = Release|Win32
	EndGlobalSection
	GlobalSection(SolutionProperties) = preSolution
		HideSolutionNode = FALSE
	EndGlobalSection
	GlobalSection(ExtensibilityGlobals) = postSolution
		SolutionGuid = {743C21E3-B27E-4FE2-BE84-F683154708FA}
	EndGlobalSection
EndGlobal
