
Microsoft Visual Studio Solution File, Format Version 12.00
# Visual Studio Version 16
VisualStudioVersion = 16.0.31729.503
MinimumVisualStudioVersion = 10.0.40219.1
Project("{8BC9CEB8-8B4A-11D0-8D11-00A0C91BC942}") = "Part 2", "Part 2.vcxproj", "{B2DF748B-5D6F-419B-8BF1-C3DA0981F566}"
EndProject
Global
	GlobalSection(SolutionConfigurationPlatforms) = preSolution
		Debug|x64 = Debug|x64
		Debug|x86 = Debug|x86
		Release|x64 = Release|x64
		Release|x86 = Release|x86
	EndGlobalSection
	GlobalSection(ProjectConfigurationPlatforms) = postSolution
		{B2DF748B-5D6F-419B-8BF1-C3DA0981F566}.Debug|x64.ActiveCfg = Debug|x64
		{B2DF748B-5D6F-419B-8BF1-C3DA0981F566}.Debug|x64.Build.0 = Debug|x64
		{B2DF748B-5D6F-419B-8BF1-C3DA0981F566}.Debug|x86.ActiveCfg = Debug|Win32
		{B2DF748B-5D6F-419B-8BF1-C3DA0981F566}.Debug|x86.Build.0 = Debug|Win32
		{B2DF748B-5D6F-419B-8BF1-C3DA0981F566}.Release|x64.ActiveCfg = Release|x64
		{B2DF748B-5D6F-419B-8BF1-C3DA0981F566}.Release|x64.Build.0 = Release|x64
		{B2DF748B-5D6F-419B-8BF1-C3DA0981F566}.Release|x86.ActiveCfg = Release|Win32
		{B2DF748B-5D6F-419B-8BF1-C3DA0981F566}.Release|x86.Build.0 = Release|Win32
	EndGlobalSection
	GlobalSection(SolutionProperties) = preSolution
		HideSolutionNode = FALSE
	EndGlobalSection
	GlobalSection(ExtensibilityGlobals) = postSolution
		SolutionGuid = {6F87970C-A7FD-467E-B15A-3F86925D1367}
	EndGlobalSection
EndGlobal
