
Microsoft Visual Studio Solution File, Format Version 12.00
# Visual Studio Version 16
VisualStudioVersion = 16.0.31702.278
MinimumVisualStudioVersion = 10.0.40219.1
Project("{8BC9CEB8-8B4A-11D0-8D11-00A0C91BC942}") = "Part 3", "Part 3.vcxproj", "{B371A3FF-9A98-47F9-918C-0DD3757F812B}"
EndProject
Global
	GlobalSection(SolutionConfigurationPlatforms) = preSolution
		Debug|x64 = Debug|x64
		Debug|x86 = Debug|x86
		Release|x64 = Release|x64
		Release|x86 = Release|x86
	EndGlobalSection
	GlobalSection(ProjectConfigurationPlatforms) = postSolution
		{B371A3FF-9A98-47F9-918C-0DD3757F812B}.Debug|x64.ActiveCfg = Debug|x64
		{B371A3FF-9A98-47F9-918C-0DD3757F812B}.Debug|x64.Build.0 = Debug|x64
		{B371A3FF-9A98-47F9-918C-0DD3757F812B}.Debug|x86.ActiveCfg = Debug|Win32
		{B371A3FF-9A98-47F9-918C-0DD3757F812B}.Debug|x86.Build.0 = Debug|Win32
		{B371A3FF-9A98-47F9-918C-0DD3757F812B}.Release|x64.ActiveCfg = Release|x64
		{B371A3FF-9A98-47F9-918C-0DD3757F812B}.Release|x64.Build.0 = Release|x64
		{B371A3FF-9A98-47F9-918C-0DD3757F812B}.Release|x86.ActiveCfg = Release|Win32
		{B371A3FF-9A98-47F9-918C-0DD3757F812B}.Release|x86.Build.0 = Release|Win32
	EndGlobalSection
	GlobalSection(SolutionProperties) = preSolution
		HideSolutionNode = FALSE
	EndGlobalSection
	GlobalSection(ExtensibilityGlobals) = postSolution
		SolutionGuid = {9CFC5E8B-F327-484F-AED4-A9A7B4E9F46E}
	EndGlobalSection
EndGlobal
