
Microsoft Visual Studio Solution File, Format Version 12.00
# Visual Studio Version 16
VisualStudioVersion = 16.0.31729.503
MinimumVisualStudioVersion = 10.0.40219.1
Project("{8BC9CEB8-8B4A-11D0-8D11-00A0C91BC942}") = "Part 4", "Part 4.vcxproj", "{B92B2474-ECCC-4DFE-9BE1-285C6FA17C7E}"
EndProject
Global
	GlobalSection(SolutionConfigurationPlatforms) = preSolution
		Debug|x64 = Debug|x64
		Debug|x86 = Debug|x86
		Release|x64 = Release|x64
		Release|x86 = Release|x86
	EndGlobalSection
	GlobalSection(ProjectConfigurationPlatforms) = postSolution
		{B92B2474-ECCC-4DFE-9BE1-285C6FA17C7E}.Debug|x64.ActiveCfg = Debug|x64
		{B92B2474-ECCC-4DFE-9BE1-285C6FA17C7E}.Debug|x64.Build.0 = Debug|x64
		{B92B2474-ECCC-4DFE-9BE1-285C6FA17C7E}.Debug|x86.ActiveCfg = Debug|Win32
		{B92B2474-ECCC-4DFE-9BE1-285C6FA17C7E}.Debug|x86.Build.0 = Debug|Win32
		{B92B2474-ECCC-4DFE-9BE1-285C6FA17C7E}.Release|x64.ActiveCfg = Release|x64
		{B92B2474-ECCC-4DFE-9BE1-285C6FA17C7E}.Release|x64.Build.0 = Release|x64
		{B92B2474-ECCC-4DFE-9BE1-285C6FA17C7E}.Release|x86.ActiveCfg = Release|Win32
		{B92B2474-ECCC-4DFE-9BE1-285C6FA17C7E}.Release|x86.Build.0 = Release|Win32
	EndGlobalSection
	GlobalSection(SolutionProperties) = preSolution
		HideSolutionNode = FALSE
	EndGlobalSection
	GlobalSection(ExtensibilityGlobals) = postSolution
		SolutionGuid = {3DECCB76-62A6-473D-9043-837590252A19}
	EndGlobalSection
EndGlobal
